
Microsoft Visual Studio Solution File, Format Version 12.00
# Visual Studio Version 16
VisualStudioVersion = 16.0.31624.102
MinimumVisualStudioVersion = 10.0.40219.1
Project("{FAE04EC0-301F-11D3-BF4B-00C04F79EFBC}") = "Line comparison1", "Line comparison1.csproj", "{B898D10F-F400-4D43-B815-8069D9654679}"
EndProject
Global
	GlobalSection(SolutionConfigurationPlatforms) = preSolution
		Debug|Any CPU = Debug|Any CPU
		Release|Any CPU = Release|Any CPU
	EndGlobalSection
	GlobalSection(ProjectConfigurationPlatforms) = postSolution
		{B898D10F-F400-4D43-B815-8069D9654679}.Debug|Any CPU.ActiveCfg = Debug|Any CPU
		{B898D10F-F400-4D43-B815-8069D9654679}.Debug|Any CPU.Build.0 = Debug|Any CPU
		{B898D10F-F400-4D43-B815-8069D9654679}.Release|Any CPU.ActiveCfg = Release|Any CPU
		{B898D10F-F400-4D43-B815-8069D9654679}.Release|Any CPU.Build.0 = Release|Any CPU
	EndGlobalSection
	GlobalSection(SolutionProperties) = preSolution
		HideSolutionNode = FALSE
	EndGlobalSection
	GlobalSection(ExtensibilityGlobals) = postSolution
		SolutionGuid = {A7411112-8545-4A22-931F-17B7A9CEDCC1}
	EndGlobalSection
EndGlobal
